
Microsoft Visual Studio Solution File, Format Version 12.00
# Visual Studio Version 17
VisualStudioVersion = 17.0.31919.166
MinimumVisualStudioVersion = 10.0.40219.1
Project("{9A19103F-16F7-4668-BE54-9A1E7A4F7556}") = "TextEditorLogic", "TextEditorLogic\TextEditorLogic.csproj", "{D51357A1-C9E1-4944-9B60-B0C83427414D}"
EndProject
Project("{FAE04EC0-301F-11D3-BF4B-00C04F79EFBC}") = "TextEditor.Console", "TextEditor.Console\TextEditor.Console.csproj", "{DF4FFE18-4D13-4C3A-B35B-14BC29134DF5}"
EndProject
Global
	GlobalSection(SolutionConfigurationPlatforms) = preSolution
		Debug|Any CPU = Debug|Any CPU
		Release|Any CPU = Release|Any CPU
	EndGlobalSection
	GlobalSection(ProjectConfigurationPlatforms) = postSolution
		{D51357A1-C9E1-4944-9B60-B0C83427414D}.Debug|Any CPU.ActiveCfg = Debug|Any CPU
		{D51357A1-C9E1-4944-9B60-B0C83427414D}.Debug|Any CPU.Build.0 = Debug|Any CPU
		{D51357A1-C9E1-4944-9B60-B0C83427414D}.Release|Any CPU.ActiveCfg = Release|Any CPU
		{D51357A1-C9E1-4944-9B60-B0C83427414D}.Release|Any CPU.Build.0 = Release|Any CPU
		{DF4FFE18-4D13-4C3A-B35B-14BC29134DF5}.Debug|Any CPU.ActiveCfg = Debug|Any CPU
		{DF4FFE18-4D13-4C3A-B35B-14BC29134DF5}.Debug|Any CPU.Build.0 = Debug|Any CPU
		{DF4FFE18-4D13-4C3A-B35B-14BC29134DF5}.Release|Any CPU.ActiveCfg = Release|Any CPU
		{DF4FFE18-4D13-4C3A-B35B-14BC29134DF5}.Release|Any CPU.Build.0 = Release|Any CPU
	EndGlobalSection
	GlobalSection(SolutionProperties) = preSolution
		HideSolutionNode = FALSE
	EndGlobalSection
	GlobalSection(ExtensibilityGlobals) = postSolution
		SolutionGuid = {8D4EA3E9-98DE-435B-B5E8-11D27CD337F5}
	EndGlobalSection
EndGlobal
